
Microsoft Visual Studio Solution File, Format Version 12.00
# Visual Studio 15
VisualStudioVersion = 15.0.27428.2015
MinimumVisualStudioVersion = 10.0.40219.1
Project("{8BC9CEB8-8B4A-11D0-8D11-00A0C91BC942}") = "PowerDigitSum", "PowerDigitSum\PowerDigitSum.vcxproj", "{20CDA6E1-C6F4-491E-B6D3-41E3A6E981FA}"
EndProject
Global
	GlobalSection(SolutionConfigurationPlatforms) = preSolution
		Debug|x64 = Debug|x64
		Debug|x86 = Debug|x86
		Release|x64 = Release|x64
		Release|x86 = Release|x86
	EndGlobalSection
	GlobalSection(ProjectConfigurationPlatforms) = postSolution
		{20CDA6E1-C6F4-491E-B6D3-41E3A6E981FA}.Debug|x64.ActiveCfg = Debug|x64
		{20CDA6E1-C6F4-491E-B6D3-41E3A6E981FA}.Debug|x64.Build.0 = Debug|x64
		{20CDA6E1-C6F4-491E-B6D3-41E3A6E981FA}.Debug|x86.ActiveCfg = Debug|Win32
		{20CDA6E1-C6F4-491E-B6D3-41E3A6E981FA}.Debug|x86.Build.0 = Debug|Win32
		{20CDA6E1-C6F4-491E-B6D3-41E3A6E981FA}.Release|x64.ActiveCfg = Release|x64
		{20CDA6E1-C6F4-491E-B6D3-41E3A6E981FA}.Release|x64.Build.0 = Release|x64
		{20CDA6E1-C6F4-491E-B6D3-41E3A6E981FA}.Release|x86.ActiveCfg = Release|Win32
		{20CDA6E1-C6F4-491E-B6D3-41E3A6E981FA}.Release|x86.Build.0 = Release|Win32
	EndGlobalSection
	GlobalSection(SolutionProperties) = preSolution
		HideSolutionNode = FALSE
	EndGlobalSection
	GlobalSection(ExtensibilityGlobals) = postSolution
		SolutionGuid = {A1446B0B-D2A4-4C7E-9079-DE387ABBD232}
	EndGlobalSection
EndGlobal
