
Microsoft Visual Studio Solution File, Format Version 12.00
# Visual Studio Version 16
VisualStudioVersion = 16.0.31424.327
MinimumVisualStudioVersion = 10.0.40219.1
Project("{FAE04EC0-301F-11D3-BF4B-00C04F79EFBC}") = "P0078_CoinPartitions_CSharp", "P0078_CoinPartitions_CSharp\P0078_CoinPartitions_CSharp.csproj", "{4BB24F8C-7740-43DD-8EB8-B0A72374EE85}"
EndProject
Global
	GlobalSection(SolutionConfigurationPlatforms) = preSolution
		Debug|Any CPU = Debug|Any CPU
		Release|Any CPU = Release|Any CPU
	EndGlobalSection
	GlobalSection(ProjectConfigurationPlatforms) = postSolution
		{4BB24F8C-7740-43DD-8EB8-B0A72374EE85}.Debug|Any CPU.ActiveCfg = Debug|Any CPU
		{4BB24F8C-7740-43DD-8EB8-B0A72374EE85}.Debug|Any CPU.Build.0 = Debug|Any CPU
		{4BB24F8C-7740-43DD-8EB8-B0A72374EE85}.Release|Any CPU.ActiveCfg = Release|Any CPU
		{4BB24F8C-7740-43DD-8EB8-B0A72374EE85}.Release|Any CPU.Build.0 = Release|Any CPU
	EndGlobalSection
	GlobalSection(SolutionProperties) = preSolution
		HideSolutionNode = FALSE
	EndGlobalSection
	GlobalSection(ExtensibilityGlobals) = postSolution
		SolutionGuid = {F15F0998-D97F-46F1-952E-F35F6487E77F}
	EndGlobalSection
EndGlobal
