
Microsoft Visual Studio Solution File, Format Version 12.00
# Visual Studio Version 17
VisualStudioVersion = 17.8.34330.188
MinimumVisualStudioVersion = 10.0.40219.1
Project("{8BC9CEB8-8B4A-11D0-8D11-00A0C91BC942}") = "P0106_SpecialSubsetSums_MetaTesting", "P0106_SpecialSubsetSums_MetaTesting\P0106_SpecialSubsetSums_MetaTesting.vcxproj", "{8D7BFFBD-F7C2-44FF-99BD-0BA3539E2208}"
EndProject
Global
	GlobalSection(SolutionConfigurationPlatforms) = preSolution
		Debug|x64 = Debug|x64
		Debug|x86 = Debug|x86
		Release|x64 = Release|x64
		Release|x86 = Release|x86
	EndGlobalSection
	GlobalSection(ProjectConfigurationPlatforms) = postSolution
		{8D7BFFBD-F7C2-44FF-99BD-0BA3539E2208}.Debug|x64.ActiveCfg = Debug|x64
		{8D7BFFBD-F7C2-44FF-99BD-0BA3539E2208}.Debug|x64.Build.0 = Debug|x64
		{8D7BFFBD-F7C2-44FF-99BD-0BA3539E2208}.Debug|x86.ActiveCfg = Debug|Win32
		{8D7BFFBD-F7C2-44FF-99BD-0BA3539E2208}.Debug|x86.Build.0 = Debug|Win32
		{8D7BFFBD-F7C2-44FF-99BD-0BA3539E2208}.Release|x64.ActiveCfg = Release|x64
		{8D7BFFBD-F7C2-44FF-99BD-0BA3539E2208}.Release|x64.Build.0 = Release|x64
		{8D7BFFBD-F7C2-44FF-99BD-0BA3539E2208}.Release|x86.ActiveCfg = Release|Win32
		{8D7BFFBD-F7C2-44FF-99BD-0BA3539E2208}.Release|x86.Build.0 = Release|Win32
	EndGlobalSection
	GlobalSection(SolutionProperties) = preSolution
		HideSolutionNode = FALSE
	EndGlobalSection
	GlobalSection(ExtensibilityGlobals) = postSolution
		SolutionGuid = {E21B6B6E-943B-4AE6-988D-57CF68BDC801}
	EndGlobalSection
EndGlobal
