
Microsoft Visual Studio Solution File, Format Version 12.00
# Visual Studio Version 17
VisualStudioVersion = 17.8.34330.188
MinimumVisualStudioVersion = 10.0.40219.1
Project("{8BC9CEB8-8B4A-11D0-8D11-00A0C91BC942}") = "ProjectEuler c++1", "ProjectEuler c++1\ProjectEuler c++1.vcxproj", "{2131308C-F52C-4EB5-85E8-88F0C4FA4832}"
EndProject
Global
	GlobalSection(SolutionConfigurationPlatforms) = preSolution
		Debug|x64 = Debug|x64
		Debug|x86 = Debug|x86
		Release|x64 = Release|x64
		Release|x86 = Release|x86
	EndGlobalSection
	GlobalSection(ProjectConfigurationPlatforms) = postSolution
		{2131308C-F52C-4EB5-85E8-88F0C4FA4832}.Debug|x64.ActiveCfg = Debug|x64
		{2131308C-F52C-4EB5-85E8-88F0C4FA4832}.Debug|x64.Build.0 = Debug|x64
		{2131308C-F52C-4EB5-85E8-88F0C4FA4832}.Debug|x86.ActiveCfg = Debug|Win32
		{2131308C-F52C-4EB5-85E8-88F0C4FA4832}.Debug|x86.Build.0 = Debug|Win32
		{2131308C-F52C-4EB5-85E8-88F0C4FA4832}.Release|x64.ActiveCfg = Release|x64
		{2131308C-F52C-4EB5-85E8-88F0C4FA4832}.Release|x64.Build.0 = Release|x64
		{2131308C-F52C-4EB5-85E8-88F0C4FA4832}.Release|x86.ActiveCfg = Release|Win32
		{2131308C-F52C-4EB5-85E8-88F0C4FA4832}.Release|x86.Build.0 = Release|Win32
	EndGlobalSection
	GlobalSection(SolutionProperties) = preSolution
		HideSolutionNode = FALSE
	EndGlobalSection
	GlobalSection(ExtensibilityGlobals) = postSolution
		SolutionGuid = {B06A9FDB-AFF5-4C6F-925F-9C3CD1D28DD1}
	EndGlobalSection
EndGlobal
