
Microsoft Visual Studio Solution File, Format Version 12.00
# Visual Studio Version 17
VisualStudioVersion = 17.10.35013.160
MinimumVisualStudioVersion = 10.0.40219.1
Project("{8BC9CEB8-8B4A-11D0-8D11-00A0C91BC942}") = "P0121_DiscGamePrizeFund", "P0121_DiscGamePrizeFund\P0121_DiscGamePrizeFund.vcxproj", "{7340FED2-0D87-4EDF-A0C5-9992B30FEFC4}"
EndProject
Global
	GlobalSection(SolutionConfigurationPlatforms) = preSolution
		Debug|x64 = Debug|x64
		Debug|x86 = Debug|x86
		Release|x64 = Release|x64
		Release|x86 = Release|x86
	EndGlobalSection
	GlobalSection(ProjectConfigurationPlatforms) = postSolution
		{7340FED2-0D87-4EDF-A0C5-9992B30FEFC4}.Debug|x64.ActiveCfg = Debug|x64
		{7340FED2-0D87-4EDF-A0C5-9992B30FEFC4}.Debug|x64.Build.0 = Debug|x64
		{7340FED2-0D87-4EDF-A0C5-9992B30FEFC4}.Debug|x86.ActiveCfg = Debug|Win32
		{7340FED2-0D87-4EDF-A0C5-9992B30FEFC4}.Debug|x86.Build.0 = Debug|Win32
		{7340FED2-0D87-4EDF-A0C5-9992B30FEFC4}.Release|x64.ActiveCfg = Release|x64
		{7340FED2-0D87-4EDF-A0C5-9992B30FEFC4}.Release|x64.Build.0 = Release|x64
		{7340FED2-0D87-4EDF-A0C5-9992B30FEFC4}.Release|x86.ActiveCfg = Release|Win32
		{7340FED2-0D87-4EDF-A0C5-9992B30FEFC4}.Release|x86.Build.0 = Release|Win32
	EndGlobalSection
	GlobalSection(SolutionProperties) = preSolution
		HideSolutionNode = FALSE
	EndGlobalSection
	GlobalSection(ExtensibilityGlobals) = postSolution
		SolutionGuid = {EC2CD198-40AC-4F20-A417-44339C015A4E}
	EndGlobalSection
EndGlobal
