
Microsoft Visual Studio Solution File, Format Version 12.00
# Visual Studio 15
VisualStudioVersion = 15.0.27130.2010
MinimumVisualStudioVersion = 10.0.40219.1
Project("{8BC9CEB8-8B4A-11D0-8D11-00A0C91BC942}") = "SubStringDivisibility", "SubStringDivisibility\SubStringDivisibility.vcxproj", "{2526CC69-FE9A-48D9-9044-8AEF0010B11D}"
EndProject
Global
	GlobalSection(SolutionConfigurationPlatforms) = preSolution
		Debug|x64 = Debug|x64
		Debug|x86 = Debug|x86
		Release|x64 = Release|x64
		Release|x86 = Release|x86
	EndGlobalSection
	GlobalSection(ProjectConfigurationPlatforms) = postSolution
		{2526CC69-FE9A-48D9-9044-8AEF0010B11D}.Debug|x64.ActiveCfg = Debug|x64
		{2526CC69-FE9A-48D9-9044-8AEF0010B11D}.Debug|x64.Build.0 = Debug|x64
		{2526CC69-FE9A-48D9-9044-8AEF0010B11D}.Debug|x86.ActiveCfg = Debug|Win32
		{2526CC69-FE9A-48D9-9044-8AEF0010B11D}.Debug|x86.Build.0 = Debug|Win32
		{2526CC69-FE9A-48D9-9044-8AEF0010B11D}.Release|x64.ActiveCfg = Release|x64
		{2526CC69-FE9A-48D9-9044-8AEF0010B11D}.Release|x64.Build.0 = Release|x64
		{2526CC69-FE9A-48D9-9044-8AEF0010B11D}.Release|x86.ActiveCfg = Release|Win32
		{2526CC69-FE9A-48D9-9044-8AEF0010B11D}.Release|x86.Build.0 = Release|Win32
	EndGlobalSection
	GlobalSection(SolutionProperties) = preSolution
		HideSolutionNode = FALSE
	EndGlobalSection
	GlobalSection(ExtensibilityGlobals) = postSolution
		SolutionGuid = {D8A95A44-3C3E-4AF8-A7E3-C4BF044E046C}
	EndGlobalSection
EndGlobal
