
Microsoft Visual Studio Solution File, Format Version 12.00
# Visual Studio 15
VisualStudioVersion = 15.0.27428.2015
MinimumVisualStudioVersion = 10.0.40219.1
Project("{8BC9CEB8-8B4A-11D0-8D11-00A0C91BC942}") = "Thousand_digit_FibonacciNumber", "Thousand_digit_FibonacciNumber\Thousand_digit_FibonacciNumber.vcxproj", "{D9A0526A-1557-4BA9-A6CA-B6F06E515EEF}"
EndProject
Global
	GlobalSection(SolutionConfigurationPlatforms) = preSolution
		Debug|x64 = Debug|x64
		Debug|x86 = Debug|x86
		Release|x64 = Release|x64
		Release|x86 = Release|x86
	EndGlobalSection
	GlobalSection(ProjectConfigurationPlatforms) = postSolution
		{D9A0526A-1557-4BA9-A6CA-B6F06E515EEF}.Debug|x64.ActiveCfg = Debug|x64
		{D9A0526A-1557-4BA9-A6CA-B6F06E515EEF}.Debug|x64.Build.0 = Debug|x64
		{D9A0526A-1557-4BA9-A6CA-B6F06E515EEF}.Debug|x86.ActiveCfg = Debug|Win32
		{D9A0526A-1557-4BA9-A6CA-B6F06E515EEF}.Debug|x86.Build.0 = Debug|Win32
		{D9A0526A-1557-4BA9-A6CA-B6F06E515EEF}.Release|x64.ActiveCfg = Release|x64
		{D9A0526A-1557-4BA9-A6CA-B6F06E515EEF}.Release|x64.Build.0 = Release|x64
		{D9A0526A-1557-4BA9-A6CA-B6F06E515EEF}.Release|x86.ActiveCfg = Release|Win32
		{D9A0526A-1557-4BA9-A6CA-B6F06E515EEF}.Release|x86.Build.0 = Release|Win32
	EndGlobalSection
	GlobalSection(SolutionProperties) = preSolution
		HideSolutionNode = FALSE
	EndGlobalSection
	GlobalSection(ExtensibilityGlobals) = postSolution
		SolutionGuid = {FCFB5A6C-CA6D-41A0-BE0F-13684B0726D6}
	EndGlobalSection
EndGlobal
