
Microsoft Visual Studio Solution File, Format Version 12.00
# Visual Studio Version 16
VisualStudioVersion = 16.0.31702.278
MinimumVisualStudioVersion = 10.0.40219.1
Project("{FAE04EC0-301F-11D3-BF4B-00C04F79EFBC}") = "P0065_ConvergentsOfE_Csharp_V2", "P0065_ConvergentsOfE_Csharp_V2\P0065_ConvergentsOfE_Csharp_V2.csproj", "{83258C36-8889-42A5-89A1-298D02982C2C}"
EndProject
Global
	GlobalSection(SolutionConfigurationPlatforms) = preSolution
		Debug|Any CPU = Debug|Any CPU
		Release|Any CPU = Release|Any CPU
	EndGlobalSection
	GlobalSection(ProjectConfigurationPlatforms) = postSolution
		{83258C36-8889-42A5-89A1-298D02982C2C}.Debug|Any CPU.ActiveCfg = Debug|Any CPU
		{83258C36-8889-42A5-89A1-298D02982C2C}.Debug|Any CPU.Build.0 = Debug|Any CPU
		{83258C36-8889-42A5-89A1-298D02982C2C}.Release|Any CPU.ActiveCfg = Release|Any CPU
		{83258C36-8889-42A5-89A1-298D02982C2C}.Release|Any CPU.Build.0 = Release|Any CPU
	EndGlobalSection
	GlobalSection(SolutionProperties) = preSolution
		HideSolutionNode = FALSE
	EndGlobalSection
	GlobalSection(ExtensibilityGlobals) = postSolution
		SolutionGuid = {500B0C13-1C33-42F6-BE96-17A05FE041D2}
	EndGlobalSection
EndGlobal
