
Microsoft Visual Studio Solution File, Format Version 12.00
# Visual Studio Version 16
VisualStudioVersion = 16.0.31424.327
MinimumVisualStudioVersion = 10.0.40219.1
Project("{FAE04EC0-301F-11D3-BF4B-00C04F79EFBC}") = "P0083_PathSumFourWays_CSharp", "P0083_PathSumFourWays_CSharp\P0083_PathSumFourWays_CSharp.csproj", "{12B585AF-A311-47E0-82C2-3A176E89DBCB}"
EndProject
Global
	GlobalSection(SolutionConfigurationPlatforms) = preSolution
		Debug|Any CPU = Debug|Any CPU
		Release|Any CPU = Release|Any CPU
	EndGlobalSection
	GlobalSection(ProjectConfigurationPlatforms) = postSolution
		{12B585AF-A311-47E0-82C2-3A176E89DBCB}.Debug|Any CPU.ActiveCfg = Debug|Any CPU
		{12B585AF-A311-47E0-82C2-3A176E89DBCB}.Debug|Any CPU.Build.0 = Debug|Any CPU
		{12B585AF-A311-47E0-82C2-3A176E89DBCB}.Release|Any CPU.ActiveCfg = Release|Any CPU
		{12B585AF-A311-47E0-82C2-3A176E89DBCB}.Release|Any CPU.Build.0 = Release|Any CPU
	EndGlobalSection
	GlobalSection(SolutionProperties) = preSolution
		HideSolutionNode = FALSE
	EndGlobalSection
	GlobalSection(ExtensibilityGlobals) = postSolution
		SolutionGuid = {2F31AA0E-B2DF-4196-A2D8-A8F0B0CE784E}
	EndGlobalSection
EndGlobal
