
Microsoft Visual Studio Solution File, Format Version 12.00
# Visual Studio Version 17
VisualStudioVersion = 17.6.33829.357
MinimumVisualStudioVersion = 10.0.40219.1
Project("{FAE04EC0-301F-11D3-BF4B-00C04F79EFBC}") = "P0098_AnagramicSquares_CS", "P0098_AnagramicSquares_CS\P0098_AnagramicSquares_CS.csproj", "{0C2B2E7B-B3CD-4527-B75D-C42BC6AB1BCF}"
EndProject
Global
	GlobalSection(SolutionConfigurationPlatforms) = preSolution
		Debug|Any CPU = Debug|Any CPU
		Release|Any CPU = Release|Any CPU
	EndGlobalSection
	GlobalSection(ProjectConfigurationPlatforms) = postSolution
		{0C2B2E7B-B3CD-4527-B75D-C42BC6AB1BCF}.Debug|Any CPU.ActiveCfg = Debug|Any CPU
		{0C2B2E7B-B3CD-4527-B75D-C42BC6AB1BCF}.Debug|Any CPU.Build.0 = Debug|Any CPU
		{0C2B2E7B-B3CD-4527-B75D-C42BC6AB1BCF}.Release|Any CPU.ActiveCfg = Release|Any CPU
		{0C2B2E7B-B3CD-4527-B75D-C42BC6AB1BCF}.Release|Any CPU.Build.0 = Release|Any CPU
	EndGlobalSection
	GlobalSection(SolutionProperties) = preSolution
		HideSolutionNode = FALSE
	EndGlobalSection
	GlobalSection(ExtensibilityGlobals) = postSolution
		SolutionGuid = {22EB7C0F-0834-4E49-BE46-030E7651DDE1}
	EndGlobalSection
EndGlobal
