
Microsoft Visual Studio Solution File, Format Version 12.00
# Visual Studio Version 16
VisualStudioVersion = 16.0.31321.278
MinimumVisualStudioVersion = 10.0.40219.1
Project("{9A19103F-16F7-4668-BE54-9A1E7A4F7556}") = "Problem59", "Problem59\Problem59.csproj", "{129DF6DC-2C44-45A2-939A-D467AB043021}"
EndProject
Global
	GlobalSection(SolutionConfigurationPlatforms) = preSolution
		Debug|Any CPU = Debug|Any CPU
		Release|Any CPU = Release|Any CPU
	EndGlobalSection
	GlobalSection(ProjectConfigurationPlatforms) = postSolution
		{129DF6DC-2C44-45A2-939A-D467AB043021}.Debug|Any CPU.ActiveCfg = Debug|Any CPU
		{129DF6DC-2C44-45A2-939A-D467AB043021}.Debug|Any CPU.Build.0 = Debug|Any CPU
		{129DF6DC-2C44-45A2-939A-D467AB043021}.Release|Any CPU.ActiveCfg = Release|Any CPU
		{129DF6DC-2C44-45A2-939A-D467AB043021}.Release|Any CPU.Build.0 = Release|Any CPU
	EndGlobalSection
	GlobalSection(SolutionProperties) = preSolution
		HideSolutionNode = FALSE
	EndGlobalSection
	GlobalSection(ExtensibilityGlobals) = postSolution
		SolutionGuid = {FB705DBE-E916-45CD-9387-B6C5B2B86B56}
	EndGlobalSection
	GlobalSection(SubversionScc) = preSolution
		Svn-Managed = True
		Manager = AnkhSVN2019 - Subversion Support for Visual Studio
	EndGlobalSection
EndGlobal
