
Microsoft Visual Studio Solution File, Format Version 12.00
# Visual Studio 15
VisualStudioVersion = 15.0.27428.2015
MinimumVisualStudioVersion = 10.0.40219.1
Project("{8BC9CEB8-8B4A-11D0-8D11-00A0C91BC942}") = "NamesScores", "NamesScores\NamesScores.vcxproj", "{57083233-6BAF-4C1D-B5F9-455B3796DD34}"
EndProject
Project("{2150E333-8FDC-42A3-9474-1A3956D46DE8}") = "Solution Items", "Solution Items", "{27FD924D-9CB0-4DAA-9B18-CC99E9F84B0B}"
EndProject
Global
	GlobalSection(SolutionConfigurationPlatforms) = preSolution
		Debug|x64 = Debug|x64
		Debug|x86 = Debug|x86
		Release|x64 = Release|x64
		Release|x86 = Release|x86
	EndGlobalSection
	GlobalSection(ProjectConfigurationPlatforms) = postSolution
		{57083233-6BAF-4C1D-B5F9-455B3796DD34}.Debug|x64.ActiveCfg = Debug|x64
		{57083233-6BAF-4C1D-B5F9-455B3796DD34}.Debug|x64.Build.0 = Debug|x64
		{57083233-6BAF-4C1D-B5F9-455B3796DD34}.Debug|x86.ActiveCfg = Debug|Win32
		{57083233-6BAF-4C1D-B5F9-455B3796DD34}.Debug|x86.Build.0 = Debug|Win32
		{57083233-6BAF-4C1D-B5F9-455B3796DD34}.Release|x64.ActiveCfg = Release|x64
		{57083233-6BAF-4C1D-B5F9-455B3796DD34}.Release|x64.Build.0 = Release|x64
		{57083233-6BAF-4C1D-B5F9-455B3796DD34}.Release|x86.ActiveCfg = Release|Win32
		{57083233-6BAF-4C1D-B5F9-455B3796DD34}.Release|x86.Build.0 = Release|Win32
	EndGlobalSection
	GlobalSection(SolutionProperties) = preSolution
		HideSolutionNode = FALSE
	EndGlobalSection
	GlobalSection(ExtensibilityGlobals) = postSolution
		SolutionGuid = {6B24F107-527E-4423-8D9E-A23731DCB9A4}
	EndGlobalSection
EndGlobal
