
Microsoft Visual Studio Solution File, Format Version 12.00
# Visual Studio Version 17
VisualStudioVersion = 17.11.35222.181
MinimumVisualStudioVersion = 10.0.40219.1
Project("{8BC9CEB8-8B4A-11D0-8D11-00A0C91BC942}") = "P0133_RepunitNonfactors", "P0133_RepunitNonfactors\P0133_RepunitNonfactors.vcxproj", "{96502C11-44BA-4DEF-B440-C72377C03050}"
EndProject
Project("{8BC9CEB8-8B4A-11D0-8D11-00A0C91BC942}") = "primes", "..\libCPP\primes\primes.vcxproj", "{26FA0DE2-79F4-4DD4-859B-38AE0C4BCCFF}"
EndProject
Global
	GlobalSection(SolutionConfigurationPlatforms) = preSolution
		Debug|x64 = Debug|x64
		Debug|x86 = Debug|x86
		Release|x64 = Release|x64
		Release|x86 = Release|x86
	EndGlobalSection
	GlobalSection(ProjectConfigurationPlatforms) = postSolution
		{96502C11-44BA-4DEF-B440-C72377C03050}.Debug|x64.ActiveCfg = Debug|x64
		{96502C11-44BA-4DEF-B440-C72377C03050}.Debug|x64.Build.0 = Debug|x64
		{96502C11-44BA-4DEF-B440-C72377C03050}.Debug|x86.ActiveCfg = Debug|Win32
		{96502C11-44BA-4DEF-B440-C72377C03050}.Debug|x86.Build.0 = Debug|Win32
		{96502C11-44BA-4DEF-B440-C72377C03050}.Release|x64.ActiveCfg = Release|x64
		{96502C11-44BA-4DEF-B440-C72377C03050}.Release|x64.Build.0 = Release|x64
		{96502C11-44BA-4DEF-B440-C72377C03050}.Release|x86.ActiveCfg = Release|Win32
		{96502C11-44BA-4DEF-B440-C72377C03050}.Release|x86.Build.0 = Release|Win32
		{26FA0DE2-79F4-4DD4-859B-38AE0C4BCCFF}.Debug|x64.ActiveCfg = Debug|x64
		{26FA0DE2-79F4-4DD4-859B-38AE0C4BCCFF}.Debug|x64.Build.0 = Debug|x64
		{26FA0DE2-79F4-4DD4-859B-38AE0C4BCCFF}.Debug|x86.ActiveCfg = Debug|Win32
		{26FA0DE2-79F4-4DD4-859B-38AE0C4BCCFF}.Debug|x86.Build.0 = Debug|Win32
		{26FA0DE2-79F4-4DD4-859B-38AE0C4BCCFF}.Release|x64.ActiveCfg = Release|x64
		{26FA0DE2-79F4-4DD4-859B-38AE0C4BCCFF}.Release|x64.Build.0 = Release|x64
		{26FA0DE2-79F4-4DD4-859B-38AE0C4BCCFF}.Release|x86.ActiveCfg = Release|Win32
		{26FA0DE2-79F4-4DD4-859B-38AE0C4BCCFF}.Release|x86.Build.0 = Release|Win32
	EndGlobalSection
	GlobalSection(SolutionProperties) = preSolution
		HideSolutionNode = FALSE
	EndGlobalSection
	GlobalSection(ExtensibilityGlobals) = postSolution
		SolutionGuid = {DA58AC8E-F385-4000-8F5D-9D542565E1CE}
	EndGlobalSection
EndGlobal
